
Microsoft Visual Studio Solution File, Format Version 12.00
# Visual Studio Version 17
VisualStudioVersion = 17.0.32112.339
MinimumVisualStudioVersion = 10.0.40219.1
Project("{9A19103F-16F7-4668-BE54-9A1E7A4F7556}") = "CoachTwinsApi", "CoachTwinsApi\CoachTwinsApi.csproj", "{BBE19F20-31B7-403E-A7A0-9244752FA3C0}"
EndProject
Project("{9A19103F-16F7-4668-BE54-9A1E7A4F7556}") = "CoachTwinsApi.Db", "CoachTwinsApi.Db\CoachTwinsApi.Db.csproj", "{5A19E6F7-22B2-4AE0-A85B-C1F2D5BD3BBF}"
EndProject
Global
	GlobalSection(SolutionConfigurationPlatforms) = preSolution
		Debug|Any CPU = Debug|Any CPU
		Release|Any CPU = Release|Any CPU
	EndGlobalSection
	GlobalSection(ProjectConfigurationPlatforms) = postSolution
		{BBE19F20-31B7-403E-A7A0-9244752FA3C0}.Debug|Any CPU.ActiveCfg = Debug|Any CPU
		{BBE19F20-31B7-403E-A7A0-9244752FA3C0}.Debug|Any CPU.Build.0 = Debug|Any CPU
		{BBE19F20-31B7-403E-A7A0-9244752FA3C0}.Release|Any CPU.ActiveCfg = Release|Any CPU
		{BBE19F20-31B7-403E-A7A0-9244752FA3C0}.Release|Any CPU.Build.0 = Release|Any CPU
		{5A19E6F7-22B2-4AE0-A85B-C1F2D5BD3BBF}.Debug|Any CPU.ActiveCfg = Debug|Any CPU
		{5A19E6F7-22B2-4AE0-A85B-C1F2D5BD3BBF}.Debug|Any CPU.Build.0 = Debug|Any CPU
		{5A19E6F7-22B2-4AE0-A85B-C1F2D5BD3BBF}.Release|Any CPU.ActiveCfg = Release|Any CPU
		{5A19E6F7-22B2-4AE0-A85B-C1F2D5BD3BBF}.Release|Any CPU.Build.0 = Release|Any CPU
	EndGlobalSection
	GlobalSection(SolutionProperties) = preSolution
		HideSolutionNode = FALSE
	EndGlobalSection
	GlobalSection(ExtensibilityGlobals) = postSolution
		SolutionGuid = {208662D4-588B-438C-A035-E0562C17AA9E}
	EndGlobalSection
EndGlobal
